
Microsoft Visual Studio Solution File, Format Version 12.00
# Visual Studio Version 16
VisualStudioVersion = 16.0.29102.190
MinimumVisualStudioVersion = 10.0.40219.1
Project("{FAE04EC0-301F-11D3-BF4B-00C04F79EFBC}") = "longestCollatzSequence", "CApp\longestCollatzSequence.csproj", "{685DFB0E-8608-4D15-BFCB-D9CD333F7592}"
EndProject
Project("{FAE04EC0-301F-11D3-BF4B-00C04F79EFBC}") = "latticePaths", "LatticePaths\latticePaths.csproj", "{183A6FCC-0809-43C8-B456-0CE225C16893}"
EndProject
Project("{2150E333-8FDC-42A3-9474-1A3956D46DE8}") = "ProjectEuler", "ProjectEuler", "{60781436-E60B-472A-8918-C131F54656A9}"
EndProject
Project("{FAE04EC0-301F-11D3-BF4B-00C04F79EFBC}") = "powerDigitSum", "powerDigitSum\powerDigitSum.csproj", "{35333556-3FB6-4DED-9343-8BB431A577CB}"
EndProject
Project("{2150E333-8FDC-42A3-9474-1A3956D46DE8}") = "CodeChef", "CodeChef", "{BA09A788-9A26-4A1F-AA1D-1BCFCB3F3F84}"
EndProject
Project("{2150E333-8FDC-42A3-9474-1A3956D46DE8}") = "OnlineExamples", "OnlineExamples", "{9303B35E-27E8-4B5C-A37A-2F431213D299}"
EndProject
Project("{FAE04EC0-301F-11D3-BF4B-00C04F79EFBC}") = "binarySearchTree(BST)", "binarySearchTree(BST)\binarySearchTree(BST).csproj", "{96864E61-A44F-4CDF-A2D6-FCB51E34C97A}"
EndProject
Project("{2150E333-8FDC-42A3-9474-1A3956D46DE8}") = "Fundamentals", "Fundamentals", "{5232BDE3-8B76-4474-9503-746219308838}"
EndProject
Project("{FAE04EC0-301F-11D3-BF4B-00C04F79EFBC}") = "basicSyntax", "basicSyntax\basicSyntax.csproj", "{38862A0B-99E5-4216-93C0-19B7CF921501}"
EndProject
Project("{FAE04EC0-301F-11D3-BF4B-00C04F79EFBC}") = "dataType", "dataType\dataType.csproj", "{0990D7D7-ED67-457E-AA63-043B30DD8590}"
EndProject
Project("{FAE04EC0-301F-11D3-BF4B-00C04F79EFBC}") = "typeConversion", "typeConversion\typeConversion.csproj", "{E1952229-FD0D-4BC1-A756-785F9D6398C9}"
EndProject
Project("{FAE04EC0-301F-11D3-BF4B-00C04F79EFBC}") = "Variables", "Variables\Variables.csproj", "{2CDEEBB7-71A8-4DB4-9E5D-231C6E7516CB}"
EndProject
Project("{FAE04EC0-301F-11D3-BF4B-00C04F79EFBC}") = "constantsAndLiterals", "constantsAndLiterals\constantsAndLiterals.csproj", "{4327960D-1D99-4A69-B51B-91BF7D53BFC0}"
EndProject
Global
	GlobalSection(SolutionConfigurationPlatforms) = preSolution
		Debug|Any CPU = Debug|Any CPU
		Release|Any CPU = Release|Any CPU
	EndGlobalSection
	GlobalSection(ProjectConfigurationPlatforms) = postSolution
		{685DFB0E-8608-4D15-BFCB-D9CD333F7592}.Debug|Any CPU.ActiveCfg = Debug|Any CPU
		{685DFB0E-8608-4D15-BFCB-D9CD333F7592}.Debug|Any CPU.Build.0 = Debug|Any CPU
		{685DFB0E-8608-4D15-BFCB-D9CD333F7592}.Release|Any CPU.ActiveCfg = Release|Any CPU
		{685DFB0E-8608-4D15-BFCB-D9CD333F7592}.Release|Any CPU.Build.0 = Release|Any CPU
		{183A6FCC-0809-43C8-B456-0CE225C16893}.Debug|Any CPU.ActiveCfg = Debug|Any CPU
		{183A6FCC-0809-43C8-B456-0CE225C16893}.Debug|Any CPU.Build.0 = Debug|Any CPU
		{183A6FCC-0809-43C8-B456-0CE225C16893}.Release|Any CPU.ActiveCfg = Release|Any CPU
		{183A6FCC-0809-43C8-B456-0CE225C16893}.Release|Any CPU.Build.0 = Release|Any CPU
		{35333556-3FB6-4DED-9343-8BB431A577CB}.Debug|Any CPU.ActiveCfg = Debug|Any CPU
		{35333556-3FB6-4DED-9343-8BB431A577CB}.Debug|Any CPU.Build.0 = Debug|Any CPU
		{35333556-3FB6-4DED-9343-8BB431A577CB}.Release|Any CPU.ActiveCfg = Release|Any CPU
		{35333556-3FB6-4DED-9343-8BB431A577CB}.Release|Any CPU.Build.0 = Release|Any CPU
		{96864E61-A44F-4CDF-A2D6-FCB51E34C97A}.Debug|Any CPU.ActiveCfg = Debug|Any CPU
		{96864E61-A44F-4CDF-A2D6-FCB51E34C97A}.Debug|Any CPU.Build.0 = Debug|Any CPU
		{96864E61-A44F-4CDF-A2D6-FCB51E34C97A}.Release|Any CPU.ActiveCfg = Release|Any CPU
		{96864E61-A44F-4CDF-A2D6-FCB51E34C97A}.Release|Any CPU.Build.0 = Release|Any CPU
		{38862A0B-99E5-4216-93C0-19B7CF921501}.Debug|Any CPU.ActiveCfg = Debug|Any CPU
		{38862A0B-99E5-4216-93C0-19B7CF921501}.Debug|Any CPU.Build.0 = Debug|Any CPU
		{38862A0B-99E5-4216-93C0-19B7CF921501}.Release|Any CPU.ActiveCfg = Release|Any CPU
		{38862A0B-99E5-4216-93C0-19B7CF921501}.Release|Any CPU.Build.0 = Release|Any CPU
		{0990D7D7-ED67-457E-AA63-043B30DD8590}.Debug|Any CPU.ActiveCfg = Debug|Any CPU
		{0990D7D7-ED67-457E-AA63-043B30DD8590}.Debug|Any CPU.Build.0 = Debug|Any CPU
		{0990D7D7-ED67-457E-AA63-043B30DD8590}.Release|Any CPU.ActiveCfg = Release|Any CPU
		{0990D7D7-ED67-457E-AA63-043B30DD8590}.Release|Any CPU.Build.0 = Release|Any CPU
		{E1952229-FD0D-4BC1-A756-785F9D6398C9}.Debug|Any CPU.ActiveCfg = Debug|Any CPU
		{E1952229-FD0D-4BC1-A756-785F9D6398C9}.Debug|Any CPU.Build.0 = Debug|Any CPU
		{E1952229-FD0D-4BC1-A756-785F9D6398C9}.Release|Any CPU.ActiveCfg = Release|Any CPU
		{E1952229-FD0D-4BC1-A756-785F9D6398C9}.Release|Any CPU.Build.0 = Release|Any CPU
		{2CDEEBB7-71A8-4DB4-9E5D-231C6E7516CB}.Debug|Any CPU.ActiveCfg = Debug|Any CPU
		{2CDEEBB7-71A8-4DB4-9E5D-231C6E7516CB}.Debug|Any CPU.Build.0 = Debug|Any CPU
		{2CDEEBB7-71A8-4DB4-9E5D-231C6E7516CB}.Release|Any CPU.ActiveCfg = Release|Any CPU
		{2CDEEBB7-71A8-4DB4-9E5D-231C6E7516CB}.Release|Any CPU.Build.0 = Release|Any CPU
		{4327960D-1D99-4A69-B51B-91BF7D53BFC0}.Debug|Any CPU.ActiveCfg = Debug|Any CPU
		{4327960D-1D99-4A69-B51B-91BF7D53BFC0}.Debug|Any CPU.Build.0 = Debug|Any CPU
		{4327960D-1D99-4A69-B51B-91BF7D53BFC0}.Release|Any CPU.ActiveCfg = Release|Any CPU
		{4327960D-1D99-4A69-B51B-91BF7D53BFC0}.Release|Any CPU.Build.0 = Release|Any CPU
	EndGlobalSection
	GlobalSection(SolutionProperties) = preSolution
		HideSolutionNode = FALSE
	EndGlobalSection
	GlobalSection(NestedProjects) = preSolution
		{685DFB0E-8608-4D15-BFCB-D9CD333F7592} = {60781436-E60B-472A-8918-C131F54656A9}
		{183A6FCC-0809-43C8-B456-0CE225C16893} = {60781436-E60B-472A-8918-C131F54656A9}
		{35333556-3FB6-4DED-9343-8BB431A577CB} = {60781436-E60B-472A-8918-C131F54656A9}
		{96864E61-A44F-4CDF-A2D6-FCB51E34C97A} = {9303B35E-27E8-4B5C-A37A-2F431213D299}
		{38862A0B-99E5-4216-93C0-19B7CF921501} = {5232BDE3-8B76-4474-9503-746219308838}
		{0990D7D7-ED67-457E-AA63-043B30DD8590} = {5232BDE3-8B76-4474-9503-746219308838}
		{E1952229-FD0D-4BC1-A756-785F9D6398C9} = {5232BDE3-8B76-4474-9503-746219308838}
		{2CDEEBB7-71A8-4DB4-9E5D-231C6E7516CB} = {5232BDE3-8B76-4474-9503-746219308838}
		{4327960D-1D99-4A69-B51B-91BF7D53BFC0} = {5232BDE3-8B76-4474-9503-746219308838}
	EndGlobalSection
	GlobalSection(ExtensibilityGlobals) = postSolution
		SolutionGuid = {FD80E5F6-8CAF-4E11-A140-041461E42803}
	EndGlobalSection
EndGlobal
